version = 1
revision = 1
requires-python = ">=3.13"

[[package]]
name = "aioice"
version = "0.10.1"
source = { registry = "https://pypi.org/simple" }
dependencies = [
    { name = "dnspython" },
    { name = "ifaddr" },
]
sdist = { url = "https://files.pythonhosted.org/packages/95/a2/45dfab1d5a7f96c48595a5770379acf406cdf02a2cd1ac1729b599322b08/aioice-0.10.1.tar.gz", hash = "sha256:5c8e1422103448d171925c678fb39795e5fe13d79108bebb00aa75a899c2094a", size = 44304 }
wheels = [
    { url = "https://files.pythonhosted.org/packages/3b/58/af07dda649c22a1ae954ffb7aaaf4d4a57f1bf00ebdf62307affc0b8552f/aioice-0.10.1-py3-none-any.whl", hash = "sha256:f31ae2abc8608b1283ed5f21aebd7b6bd472b152ff9551e9b559b2d8efed79e9", size = 24872 },
]

[[package]]
name = "aiortc"
version = "1.12.0"
source = { registry = "https://pypi.org/simple" }
dependencies = [
    { name = "aioice" },
    { name = "av" },
    { name = "cffi" },
    { name = "cryptography" },
    { name = "google-crc32c" },
    { name = "pyee" },
    { name = "pylibsrtp" },
    { name = "pyopenssl" },
]
sdist = { url = "https://files.pythonhosted.org/packages/0d/a8/cebfc59aaa13fd48466db152f9fbb81c476bda387ecddfc340cd62411aec/aiortc-1.12.0.tar.gz", hash = "sha256:c99d89a60a473074532020329de7ee23253bac17606d85ba4aab4c6148e94b39", size = 1175343 }
wheels = [
    { url = "https://files.pythonhosted.org/packages/54/77/6d23e00f541cc62de745db431f945f2b79f42a1b2aabf2f53c467f9edb10/aiortc-1.12.0-py3-none-any.whl", hash = "sha256:e360d5ebd4f7c98dd17b56874157ab80a1d7ad70650e5c208e9e486211151646", size = 90078 },
]

[[package]]
name = "av"
version = "14.4.0"
source = { registry = "https://pypi.org/simple" }
sdist = { url = "https://files.pythonhosted.org/packages/86/f6/0b473dab52dfdea05f28f3578b1c56b6c796ce85e76951bab7c4e38d5a74/av-14.4.0.tar.gz", hash = "sha256:3ecbf803a7fdf67229c0edada0830d6bfaea4d10bfb24f0c3f4e607cd1064b42", size = 3892203 }
wheels = [
    { url = "https://files.pythonhosted.org/packages/12/4c/b0205f77352312ff457ecdf31723dbf4403b7a03fc1659075d6d32f23ef7/av-14.4.0-cp313-cp313-macosx_12_0_arm64.whl", hash = "sha256:3d2aea7c602b105363903e4017103bc4b60336e7aff80e1c22e8b4ec09fd125f", size = 19917341 },
    { url = "https://files.pythonhosted.org/packages/e1/c4/9e783bd7d47828e9c67f9c773c99de45c5ae01b3e942f1abf6cbaf530267/av-14.4.0-cp313-cp313-macosx_12_0_x86_64.whl", hash = "sha256:38c18f036aeb6dc9abf5e867d998c867f9ec93a5f722b60721fdffc123bbb2ae", size = 23715363 },
    { url = "https://files.pythonhosted.org/packages/b5/26/b2b406a676864d06b1c591205782d8527e7c99e5bc51a09862c3576e0087/av-14.4.0-cp313-cp313-manylinux_2_17_aarch64.manylinux2014_aarch64.whl", hash = "sha256:58c1e18c8be73b6eada2d9ec397852ec74ebe51938451bdf83644a807189d6c8", size = 33496968 },
    { url = "https://files.pythonhosted.org/packages/89/09/0a032bbe30c7049fca243ec8cf01f4be49dd6e7f7b9c3c7f0cc13f83c9d3/av-14.4.0-cp313-cp313-manylinux_2_17_i686.manylinux2014_i686.whl", hash = "sha256:e4c32ff03a357feb030634f093089a73cb474b04efe7fbfba31f229cb2fab115", size = 32075498 },
    { url = "https://files.pythonhosted.org/packages/0b/1f/0fee20f74c1f48086366e59dbd37fa0684cd0f3c782a65cbb719d26c7acd/av-14.4.0-cp313-cp313-manylinux_2_17_x86_64.manylinux2014_x86_64.whl", hash = "sha256:af31d16ae25964a6a02e09cc132b9decd5ee493c5dcb21bcdf0d71b2d6adbd59", size = 35224910 },
    { url = "https://files.pythonhosted.org/packages/9e/19/1c4a201c75a2a431a85a43fd15d1fad55a28c22d596461d861c8d70f9b92/av-14.4.0-cp313-cp313-musllinux_1_2_aarch64.whl", hash = "sha256:e9fb297009e528f4851d25f3bb2781b2db18b59b10aed10240e947b77c582fb7", size = 36172918 },
    { url = "https://files.pythonhosted.org/packages/00/48/26b7e5d911c807f5f017a285362470ba16f44e8ea46f8b09ab5e348dd15b/av-14.4.0-cp313-cp313-musllinux_1_2_i686.whl", hash = "sha256:573314cb9eafec2827dc98c416c965330dc7508193adbccd281700d8673b9f0a", size = 34414492 },
    { url = "https://files.pythonhosted.org/packages/6d/26/2f4badfa5b5b7b8f5f83d562b143a83ed940fa458eea4cad495ce95c9741/av-14.4.0-cp313-cp313-musllinux_1_2_x86_64.whl", hash = "sha256:f82ab27ee57c3b80eb50a5293222307dfdc02f810ea41119078cfc85ea3cf9a8", size = 37245826 },
    { url = "https://files.pythonhosted.org/packages/f4/02/88dbb6f5a05998b730d2e695b05060297af127ac4250efbe0739daa446d5/av-14.4.0-cp313-cp313-win_amd64.whl", hash = "sha256:9f682003bbcaac620b52f68ff0e85830fff165dea53949e217483a615993ca20", size = 27898395 },
]

[[package]]
name = "cffi"
version = "1.17.1"
source = { registry = "https://pypi.org/simple" }
dependencies = [
    { name = "pycparser" },
]
sdist = { url = "https://files.pythonhosted.org/packages/fc/97/c783634659c2920c3fc70419e3af40972dbaf758daa229a7d6ea6135c90d/cffi-1.17.1.tar.gz", hash = "sha256:1c39c6016c32bc48dd54561950ebd6836e1670f2ae46128f67cf49e789c52824", size = 516621 }
wheels = [
    { url = "https://files.pythonhosted.org/packages/8d/f8/dd6c246b148639254dad4d6803eb6a54e8c85c6e11ec9df2cffa87571dbe/cffi-1.17.1-cp313-cp313-macosx_10_13_x86_64.whl", hash = "sha256:f3a2b4222ce6b60e2e8b337bb9596923045681d71e5a082783484d845390938e", size = 182989 },
    { url = "https://files.pythonhosted.org/packages/8b/f1/672d303ddf17c24fc83afd712316fda78dc6fce1cd53011b839483e1ecc8/cffi-1.17.1-cp313-cp313-macosx_11_0_arm64.whl", hash = "sha256:0984a4925a435b1da406122d4d7968dd861c1385afe3b45ba82b750f229811e2", size = 178802 },
    { url = "https://files.pythonhosted.org/packages/0e/2d/eab2e858a91fdff70533cab61dcff4a1f55ec60425832ddfdc9cd36bc8af/cffi-1.17.1-cp313-cp313-manylinux_2_12_i686.manylinux2010_i686.manylinux_2_17_i686.manylinux2014_i686.whl", hash = "sha256:d01b12eeeb4427d3110de311e1774046ad344f5b1a7403101878976ecd7a10f3", size = 454792 },
    { url = "https://files.pythonhosted.org/packages/75/b2/fbaec7c4455c604e29388d55599b99ebcc250a60050610fadde58932b7ee/cffi-1.17.1-cp313-cp313-manylinux_2_17_aarch64.manylinux2014_aarch64.whl", hash = "sha256:706510fe141c86a69c8ddc029c7910003a17353970cff3b904ff0686a5927683", size = 478893 },
    { url = "https://files.pythonhosted.org/packages/4f/b7/6e4a2162178bf1935c336d4da8a9352cccab4d3a5d7914065490f08c0690/cffi-1.17.1-cp313-cp313-manylinux_2_17_ppc64le.manylinux2014_ppc64le.whl", hash = "sha256:de55b766c7aa2e2a3092c51e0483d700341182f08e67c63630d5b6f200bb28e5", size = 485810 },
    { url = "https://files.pythonhosted.org/packages/c7/8a/1d0e4a9c26e54746dc08c2c6c037889124d4f59dffd853a659fa545f1b40/cffi-1.17.1-cp313-cp313-manylinux_2_17_s390x.manylinux2014_s390x.whl", hash = "sha256:c59d6e989d07460165cc5ad3c61f9fd8f1b4796eacbd81cee78957842b834af4", size = 471200 },
    { url = "https://files.pythonhosted.org/packages/26/9f/1aab65a6c0db35f43c4d1b4f580e8df53914310afc10ae0397d29d697af4/cffi-1.17.1-cp313-cp313-manylinux_2_17_x86_64.manylinux2014_x86_64.whl", hash = "sha256:dd398dbc6773384a17fe0d3e7eeb8d1a21c2200473ee6806bb5e6a8e62bb73dd", size = 479447 },
    { url = "https://files.pythonhosted.org/packages/5f/e4/fb8b3dd8dc0e98edf1135ff067ae070bb32ef9d509d6cb0f538cd6f7483f/cffi-1.17.1-cp313-cp313-musllinux_1_1_aarch64.whl", hash = "sha256:3edc8d958eb099c634dace3c7e16560ae474aa3803a5df240542b305d14e14ed", size = 484358 },
    { url = "https://files.pythonhosted.org/packages/f1/47/d7145bf2dc04684935d57d67dff9d6d795b2ba2796806bb109864be3a151/cffi-1.17.1-cp313-cp313-musllinux_1_1_x86_64.whl", hash = "sha256:72e72408cad3d5419375fc87d289076ee319835bdfa2caad331e377589aebba9", size = 488469 },
    { url = "https://files.pythonhosted.org/packages/bf/ee/f94057fa6426481d663b88637a9a10e859e492c73d0384514a17d78ee205/cffi-1.17.1-cp313-cp313-win32.whl", hash = "sha256:e03eab0a8677fa80d646b5ddece1cbeaf556c313dcfac435ba11f107ba117b5d", size = 172475 },
    { url = "https://files.pythonhosted.org/packages/7c/fc/6a8cb64e5f0324877d503c854da15d76c1e50eb722e320b15345c4d0c6de/cffi-1.17.1-cp313-cp313-win_amd64.whl", hash = "sha256:f6a16c31041f09ead72d69f583767292f750d24913dadacf5756b966aacb3f1a", size = 182009 },
]

[[package]]
name = "cryptography"
version = "45.0.2"
source = { registry = "https://pypi.org/simple" }
dependencies = [
    { name = "cffi", marker = "platform_python_implementation != 'PyPy'" },
]
sdist = { url = "https://files.pythonhosted.org/packages/f6/47/92a8914716f2405f33f1814b97353e3cfa223cd94a77104075d42de3099e/cryptography-45.0.2.tar.gz", hash = "sha256:d784d57b958ffd07e9e226d17272f9af0c41572557604ca7554214def32c26bf", size = 743865 }
wheels = [
    { url = "https://files.pythonhosted.org/packages/3d/2f/46b9e715157643ad16f039ec3c3c47d174da6f825bf5034b1c5f692ab9e2/cryptography-45.0.2-cp311-abi3-macosx_10_9_universal2.whl", hash = "sha256:61a8b1bbddd9332917485b2453d1de49f142e6334ce1d97b7916d5a85d179c84", size = 7043448 },
    { url = "https://files.pythonhosted.org/packages/90/52/49e6c86278e1b5ec226e96b62322538ccc466306517bf9aad8854116a088/cryptography-45.0.2-cp311-abi3-manylinux_2_17_aarch64.manylinux2014_aarch64.whl", hash = "sha256:4cc31c66411e14dd70e2f384a9204a859dc25b05e1f303df0f5326691061b839", size = 4201098 },
    { url = "https://files.pythonhosted.org/packages/7b/3a/201272539ac5b66b4cb1af89021e423fc0bfacb73498950280c51695fb78/cryptography-45.0.2-cp311-abi3-manylinux_2_17_x86_64.manylinux2014_x86_64.whl", hash = "sha256:463096533acd5097f8751115bc600b0b64620c4aafcac10c6d0041e6e68f88fe", size = 4429839 },
    { url = "https://files.pythonhosted.org/packages/99/89/fa1a84832b8f8f3917875cb15324bba98def5a70175a889df7d21a45dc75/cryptography-45.0.2-cp311-abi3-manylinux_2_28_aarch64.whl", hash = "sha256:cdafb86eb673c3211accffbffdb3cdffa3aaafacd14819e0898d23696d18e4d3", size = 4205154 },
    { url = "https://files.pythonhosted.org/packages/1c/c5/5225d5230d538ab461725711cf5220560a813d1eb68bafcfb00131b8f631/cryptography-45.0.2-cp311-abi3-manylinux_2_28_armv7l.manylinux_2_31_armv7l.whl", hash = "sha256:05c2385b1f5c89a17df19900cfb1345115a77168f5ed44bdf6fd3de1ce5cc65b", size = 3897145 },
    { url = "https://files.pythonhosted.org/packages/fe/24/f19aae32526cc55ae17d473bc4588b1234af2979483d99cbfc57e55ffea6/cryptography-45.0.2-cp311-abi3-manylinux_2_28_x86_64.whl", hash = "sha256:e9e4bdcd70216b08801e267c0b563316b787f957a46e215249921f99288456f9", size = 4462192 },
    { url = "https://files.pythonhosted.org/packages/19/18/4a69ac95b0b3f03355970baa6c3f9502bbfc54e7df81fdb179654a00f48e/cryptography-45.0.2-cp311-abi3-manylinux_2_34_aarch64.whl", hash = "sha256:b2de529027579e43b6dc1f805f467b102fb7d13c1e54c334f1403ee2b37d0059", size = 4208093 },
    { url = "https://files.pythonhosted.org/packages/7c/54/2dea55ccc9558b8fa14f67156250b6ee231e31765601524e4757d0b5db6b/cryptography-45.0.2-cp311-abi3-manylinux_2_34_x86_64.whl", hash = "sha256:10d68763892a7b19c22508ab57799c4423c7c8cd61d7eee4c5a6a55a46511949", size = 4461819 },
    { url = "https://files.pythonhosted.org/packages/37/f1/1b220fcd5ef4b1f0ff3e59e733b61597505e47f945606cc877adab2c1a17/cryptography-45.0.2-cp311-abi3-musllinux_1_2_aarch64.whl", hash = "sha256:d2a90ce2f0f5b695e4785ac07c19a58244092f3c85d57db6d8eb1a2b26d2aad6", size = 4329202 },
    { url = "https://files.pythonhosted.org/packages/6d/e0/51d1dc4f96f819a56db70f0b4039b4185055bbb8616135884c3c3acc4c6d/cryptography-45.0.2-cp311-abi3-musllinux_1_2_x86_64.whl", hash = "sha256:59c0c8f043dd376bbd9d4f636223836aed50431af4c5a467ed9bf61520294627", size = 4570412 },
    { url = "https://files.pythonhosted.org/packages/dc/44/88efb40a3600d15277a77cdc69eeeab45a98532078d2a36cffd9325d3b3f/cryptography-45.0.2-cp311-abi3-win32.whl", hash = "sha256:80303ee6a02ef38c4253160446cbeb5c400c07e01d4ddbd4ff722a89b736d95a", size = 2933584 },
    { url = "https://files.pythonhosted.org/packages/d9/a1/bc9f82ba08760442cc8346d1b4e7b769b86d197193c45b42b3595d231e84/cryptography-45.0.2-cp311-abi3-win_amd64.whl", hash = "sha256:7429936146063bd1b2cfc54f0e04016b90ee9b1c908a7bed0800049cbace70eb", size = 3408537 },
    { url = "https://files.pythonhosted.org/packages/59/bc/1b6acb1dca366f9c0b3880888ecd7fcfb68023930d57df854847c6da1d10/cryptography-45.0.2-cp37-abi3-macosx_10_9_universal2.whl", hash = "sha256:e86c8d54cd19a13e9081898b3c24351683fd39d726ecf8e774aaa9d8d96f5f3a", size = 7025581 },
    { url = "https://files.pythonhosted.org/packages/31/a3/a3e4a298d3db4a04085728f5ae6c8cda157e49c5bb784886d463b9fbff70/cryptography-45.0.2-cp37-abi3-manylinux_2_17_aarch64.manylinux2014_aarch64.whl", hash = "sha256:e328357b6bbf79928363dbf13f4635b7aac0306afb7e5ad24d21d0c5761c3253", size = 4189148 },
    { url = "https://files.pythonhosted.org/packages/53/90/100dfadd4663b389cb56972541ec1103490a19ebad0132af284114ba0868/cryptography-45.0.2-cp37-abi3-manylinux_2_17_x86_64.manylinux2014_x86_64.whl", hash = "sha256:49af56491473231159c98c2c26f1a8f3799a60e5cf0e872d00745b858ddac9d2", size = 4424113 },
    { url = "https://files.pythonhosted.org/packages/0d/40/e2b9177dbed6f3fcbbf1942e1acea2fd15b17007204b79d675540dd053af/cryptography-45.0.2-cp37-abi3-manylinux_2_28_aarch64.whl", hash = "sha256:f169469d04a23282de9d0be349499cb6683b6ff1b68901210faacac9b0c24b7d", size = 4189696 },
    { url = "https://files.pythonhosted.org/packages/70/ae/ec29c79f481e1767c2ff916424ba36f3cf7774de93bbd60428a3c52d1357/cryptography-45.0.2-cp37-abi3-manylinux_2_28_armv7l.manylinux_2_31_armv7l.whl", hash = "sha256:9cfd1399064b13043082c660ddd97a0358e41c8b0dc7b77c1243e013d305c344", size = 3881498 },
    { url = "https://files.pythonhosted.org/packages/5f/4a/72937090e5637a232b2f73801c9361cd08404a2d4e620ca4ec58c7ea4b70/cryptography-45.0.2-cp37-abi3-manylinux_2_28_x86_64.whl", hash = "sha256:18f8084b7ca3ce1b8d38bdfe33c48116edf9a08b4d056ef4a96dceaa36d8d965", size = 4451678 },
    { url = "https://files.pythonhosted.org/packages/d3/fa/1377fced81fd67a4a27514248261bb0d45c3c1e02169411fe231583088c8/cryptography-45.0.2-cp37-abi3-manylinux_2_34_aarch64.whl", hash = "sha256:2cb03a944a1a412724d15a7c051d50e63a868031f26b6a312f2016965b661942", size = 4192296 },
    { url = "https://files.pythonhosted.org/packages/d1/cf/b6fe837c83a08b9df81e63299d75fc5b3c6d82cf24b3e1e0e331050e9e5c/cryptography-45.0.2-cp37-abi3-manylinux_2_34_x86_64.whl", hash = "sha256:a9727a21957d3327cf6b7eb5ffc9e4b663909a25fea158e3fcbc49d4cdd7881b", size = 4451749 },
    { url = "https://files.pythonhosted.org/packages/af/d8/5a655675cc635c7190bfc8cffb84bcdc44fc62ce945ad1d844adaa884252/cryptography-45.0.2-cp37-abi3-musllinux_1_2_aarch64.whl", hash = "sha256:ddb8d01aa900b741d6b7cc585a97aff787175f160ab975e21f880e89d810781a", size = 4317601 },
    { url = "https://files.pythonhosted.org/packages/b9/d4/75d2375a20d80aa262a8adee77bf56950e9292929e394b9fae2481803f11/cryptography-45.0.2-cp37-abi3-musllinux_1_2_x86_64.whl", hash = "sha256:c0c000c1a09f069632d8a9eb3b610ac029fcc682f1d69b758e625d6ee713f4ed", size = 4560535 },
    { url = "https://files.pythonhosted.org/packages/aa/18/c3a94474987ebcfb88692036b2ec44880d243fefa73794bdcbf748679a6e/cryptography-45.0.2-cp37-abi3-win32.whl", hash = "sha256:08281de408e7eb71ba3cd5098709a356bfdf65eebd7ee7633c3610f0aa80d79b", size = 2922045 },
    { url = "https://files.pythonhosted.org/packages/63/63/fb28b30c144182fd44ce93d13ab859791adbf923e43bdfb610024bfecda1/cryptography-45.0.2-cp37-abi3-win_amd64.whl", hash = "sha256:48caa55c528617fa6db1a9c3bf2e37ccb31b73e098ac2b71408d1f2db551dde4", size = 3393321 },
]

[[package]]
name = "dnspython"
version = "2.7.0"
source = { registry = "https://pypi.org/simple" }
sdist = { url = "https://files.pythonhosted.org/packages/b5/4a/263763cb2ba3816dd94b08ad3a33d5fdae34ecb856678773cc40a3605829/dnspython-2.7.0.tar.gz", hash = "sha256:ce9c432eda0dc91cf618a5cedf1a4e142651196bbcd2c80e89ed5a907e5cfaf1", size = 345197 }
wheels = [
    { url = "https://files.pythonhosted.org/packages/68/1b/e0a87d256e40e8c888847551b20a017a6b98139178505dc7ffb96f04e954/dnspython-2.7.0-py3-none-any.whl", hash = "sha256:b4c34b7d10b51bcc3a5071e7b8dee77939f1e878477eeecc965e9835f63c6c86", size = 313632 },
]

[[package]]
name = "google-crc32c"
version = "1.7.1"
source = { registry = "https://pypi.org/simple" }
sdist = { url = "https://files.pythonhosted.org/packages/19/ae/87802e6d9f9d69adfaedfcfd599266bf386a54d0be058b532d04c794f76d/google_crc32c-1.7.1.tar.gz", hash = "sha256:2bff2305f98846f3e825dbeec9ee406f89da7962accdb29356e4eadc251bd472", size = 14495 }
wheels = [
    { url = "https://files.pythonhosted.org/packages/8b/72/b8d785e9184ba6297a8620c8a37cf6e39b81a8ca01bb0796d7cbb28b3386/google_crc32c-1.7.1-cp313-cp313-macosx_12_0_arm64.whl", hash = "sha256:df8b38bdaf1629d62d51be8bdd04888f37c451564c2042d36e5812da9eff3c35", size = 30467 },
    { url = "https://files.pythonhosted.org/packages/34/25/5f18076968212067c4e8ea95bf3b69669f9fc698476e5f5eb97d5b37999f/google_crc32c-1.7.1-cp313-cp313-macosx_12_0_x86_64.whl", hash = "sha256:e42e20a83a29aa2709a0cf271c7f8aefaa23b7ab52e53b322585297bb94d4638", size = 30309 },
    { url = "https://files.pythonhosted.org/packages/92/83/9228fe65bf70e93e419f38bdf6c5ca5083fc6d32886ee79b450ceefd1dbd/google_crc32c-1.7.1-cp313-cp313-manylinux_2_17_aarch64.manylinux2014_aarch64.whl", hash = "sha256:905a385140bf492ac300026717af339790921f411c0dfd9aa5a9e69a08ed32eb", size = 33133 },
    { url = "https://files.pythonhosted.org/packages/c3/ca/1ea2fd13ff9f8955b85e7956872fdb7050c4ace8a2306a6d177edb9cf7fe/google_crc32c-1.7.1-cp313-cp313-manylinux_2_17_x86_64.manylinux2014_x86_64.whl", hash = "sha256:6b211ddaf20f7ebeec5c333448582c224a7c90a9d98826fbab82c0ddc11348e6", size = 32773 },
    { url = "https://files.pythonhosted.org/packages/89/32/a22a281806e3ef21b72db16f948cad22ec68e4bdd384139291e00ff82fe2/google_crc32c-1.7.1-cp313-cp313-win_amd64.whl", hash = "sha256:0f99eaa09a9a7e642a61e06742856eec8b19fc0037832e03f941fe7cf0c8e4db", size = 33475 },
    { url = "https://files.pythonhosted.org/packages/b8/c5/002975aff514e57fc084ba155697a049b3f9b52225ec3bc0f542871dd524/google_crc32c-1.7.1-cp313-cp313t-manylinux_2_17_aarch64.manylinux2014_aarch64.whl", hash = "sha256:32d1da0d74ec5634a05f53ef7df18fc646666a25efaaca9fc7dcfd4caf1d98c3", size = 33243 },
    { url = "https://files.pythonhosted.org/packages/61/cb/c585282a03a0cea70fcaa1bf55d5d702d0f2351094d663ec3be1c6c67c52/google_crc32c-1.7.1-cp313-cp313t-manylinux_2_17_x86_64.manylinux2014_x86_64.whl", hash = "sha256:e10554d4abc5238823112c2ad7e4560f96c7bf3820b202660373d769d9e6e4c9", size = 32870 },
]

[[package]]
name = "hello-webrtc"
version = "0.1.0"
source = { virtual = "." }
dependencies = [
    { name = "aiortc" },
]

[package.metadata]
requires-dist = [{ name = "aiortc", specifier = ">=1.12.0" }]

[[package]]
name = "ifaddr"
version = "0.2.0"
source = { registry = "https://pypi.org/simple" }
sdist = { url = "https://files.pythonhosted.org/packages/e8/ac/fb4c578f4a3256561548cd825646680edcadb9440f3f68add95ade1eb791/ifaddr-0.2.0.tar.gz", hash = "sha256:cc0cbfcaabf765d44595825fb96a99bb12c79716b73b44330ea38ee2b0c4aed4", size = 10485 }
wheels = [
    { url = "https://files.pythonhosted.org/packages/9c/1f/19ebc343cc71a7ffa78f17018535adc5cbdd87afb31d7c34874680148b32/ifaddr-0.2.0-py3-none-any.whl", hash = "sha256:085e0305cfe6f16ab12d72e2024030f5d52674afad6911bb1eee207177b8a748", size = 12314 },
]

[[package]]
name = "pycparser"
version = "2.22"
source = { registry = "https://pypi.org/simple" }
sdist = { url = "https://files.pythonhosted.org/packages/1d/b2/31537cf4b1ca988837256c910a668b553fceb8f069bedc4b1c826024b52c/pycparser-2.22.tar.gz", hash = "sha256:491c8be9c040f5390f5bf44a5b07752bd07f56edf992381b05c701439eec10f6", size = 172736 }
wheels = [
    { url = "https://files.pythonhosted.org/packages/13/a3/a812df4e2dd5696d1f351d58b8fe16a405b234ad2886a0dab9183fb78109/pycparser-2.22-py3-none-any.whl", hash = "sha256:c3702b6d3dd8c7abc1afa565d7e63d53a1d0bd86cdc24edd75470f4de499cfcc", size = 117552 },
]

[[package]]
name = "pyee"
version = "13.0.0"
source = { registry = "https://pypi.org/simple" }
dependencies = [
    { name = "typing-extensions" },
]
sdist = { url = "https://files.pythonhosted.org/packages/95/03/1fd98d5841cd7964a27d729ccf2199602fe05eb7a405c1462eb7277945ed/pyee-13.0.0.tar.gz", hash = "sha256:b391e3c5a434d1f5118a25615001dbc8f669cf410ab67d04c4d4e07c55481c37", size = 31250 }
wheels = [
    { url = "https://files.pythonhosted.org/packages/9b/4d/b9add7c84060d4c1906abe9a7e5359f2a60f7a9a4f67268b2766673427d8/pyee-13.0.0-py3-none-any.whl", hash = "sha256:48195a3cddb3b1515ce0695ed76036b5ccc2ef3a9f963ff9f77aec0139845498", size = 15730 },
]

[[package]]
name = "pylibsrtp"
version = "0.12.0"
source = { registry = "https://pypi.org/simple" }
dependencies = [
    { name = "cffi" },
]
sdist = { url = "https://files.pythonhosted.org/packages/54/c8/a59e61f5dd655f5f21033bd643dd31fe980a537ed6f373cdfb49d3a3bd32/pylibsrtp-0.12.0.tar.gz", hash = "sha256:f5c3c0fb6954e7bb74dc7e6398352740ca67327e6759a199fe852dbc7b84b8ac", size = 10878 }
wheels = [
    { url = "https://files.pythonhosted.org/packages/65/f0/b818395c4cae2d5cc5a0c78fc47d694eae78e6a0d678baeb52a381a26327/pylibsrtp-0.12.0-cp39-abi3-macosx_10_9_x86_64.whl", hash = "sha256:5adde3cf9a5feef561d0eb7ed99dedb30b9bf1ce9a0c1770b2bf19fd0b98bc9a", size = 1727918 },
    { url = "https://files.pythonhosted.org/packages/05/1a/ee553abe4431b7bd9bab18f078c0ad2298b94ea55e664da6ecb8700b1052/pylibsrtp-0.12.0-cp39-abi3-macosx_11_0_arm64.whl", hash = "sha256:d2c81d152606721331ece87c80ed17159ba6da55c7c61a6b750cff67ab7f63a5", size = 2057900 },
    { url = "https://files.pythonhosted.org/packages/7f/a2/2dd0188be58d3cba48c5eb4b3c787e5743c111cd0c9289de4b6f2798382a/pylibsrtp-0.12.0-cp39-abi3-manylinux_2_17_aarch64.manylinux2014_aarch64.whl", hash = "sha256:242fa3d44219846bf1734d5df595563a2c8fbb0fb00ccc79ab0f569fc0af2c1b", size = 2567047 },
    { url = "https://files.pythonhosted.org/packages/6c/3a/4bdab9fc1d78f2efa02c8a8f3e9c187bfa278e89481b5123f07c8dd69310/pylibsrtp-0.12.0-cp39-abi3-manylinux_2_17_i686.manylinux2014_i686.whl", hash = "sha256:b74aaf8fac1b119a3c762f54751c3d20e77227b84c26d85aae57c2c43129b49c", size = 2168775 },
    { url = "https://files.pythonhosted.org/packages/d0/fc/0b1e1bfed420d79427d50aff84c370dcd78d81af9500c1e86fbcc5bf95e1/pylibsrtp-0.12.0-cp39-abi3-manylinux_2_17_x86_64.manylinux2014_x86_64.whl", hash = "sha256:33e3e223102989b71f07e1deeb804170ed53fb4e1b283762eb031bd45bb425d4", size = 2225033 },
    { url = "https://files.pythonhosted.org/packages/39/7b/e1021d27900315c2c077ec7d45f50274cedbdde067ff679d44df06f01a8a/pylibsrtp-0.12.0-cp39-abi3-musllinux_1_2_aarch64.whl", hash = "sha256:36d07de64dbc82dbbb99fd77f36c8e23d6730bdbcccf09701945690a9a9a422a", size = 2606093 },
    { url = "https://files.pythonhosted.org/packages/eb/c2/0fae6687a06fcde210a778148ec808af49e431c36fe9908503a695c35479/pylibsrtp-0.12.0-cp39-abi3-musllinux_1_2_i686.whl", hash = "sha256:ef03b4578577690f716fd023daed8914eee6de9a764fa128eda19a0e645cc032", size = 2193213 },
    { url = "https://files.pythonhosted.org/packages/67/c2/2ed7a4a5c38b999fd34298f76b93d29f5ba8c06f85cfad3efd9468343715/pylibsrtp-0.12.0-cp39-abi3-musllinux_1_2_x86_64.whl", hash = "sha256:0a8421e9fe4d20ce48d439430e55149f12b1bca1b0436741972c362c49948c0a", size = 2256774 },
    { url = "https://files.pythonhosted.org/packages/48/d7/f13fedce3b21d24f6f154d1dee7287464a34728dcb3b0c50f687dbad5765/pylibsrtp-0.12.0-cp39-abi3-win32.whl", hash = "sha256:cbc9bfbfb2597e993a1aa16b832ba16a9dd4647f70815421bb78484f8b50b924", size = 1156186 },
    { url = "https://files.pythonhosted.org/packages/9b/26/3a20b638a3a3995368f856eeb10701dd6c0e9ace9fb6665eeb1b95ccce19/pylibsrtp-0.12.0-cp39-abi3-win_amd64.whl", hash = "sha256:061ef1dbb5f08079ac6d7515b7e67ca48a3163e16e5b820beea6b01cb31d7e54", size = 1485072 },
]

[[package]]
name = "pyopenssl"
version = "25.1.0"
source = { registry = "https://pypi.org/simple" }
dependencies = [
    { name = "cryptography" },
]
sdist = { url = "https://files.pythonhosted.org/packages/04/8c/cd89ad05804f8e3c17dea8f178c3f40eeab5694c30e0c9f5bcd49f576fc3/pyopenssl-25.1.0.tar.gz", hash = "sha256:8d031884482e0c67ee92bf9a4d8cceb08d92aba7136432ffb0703c5280fc205b", size = 179937 }
wheels = [
    { url = "https://files.pythonhosted.org/packages/80/28/2659c02301b9500751f8d42f9a6632e1508aa5120de5e43042b8b30f8d5d/pyopenssl-25.1.0-py3-none-any.whl", hash = "sha256:2b11f239acc47ac2e5aca04fd7fa829800aeee22a2eb30d744572a157bd8a1ab", size = 56771 },
]

[[package]]
name = "typing-extensions"
version = "4.13.2"
source = { registry = "https://pypi.org/simple" }
sdist = { url = "https://files.pythonhosted.org/packages/f6/37/23083fcd6e35492953e8d2aaaa68b860eb422b34627b13f2ce3eb6106061/typing_extensions-4.13.2.tar.gz", hash = "sha256:e6c81219bd689f51865d9e372991c540bda33a0379d5573cddb9a3a23f7caaef", size = 106967 }
wheels = [
    { url = "https://files.pythonhosted.org/packages/8b/54/b1ae86c0973cc6f0210b53d508ca3641fb6d0c56823f288d108bc7ab3cc8/typing_extensions-4.13.2-py3-none-any.whl", hash = "sha256:a439e7c04b49fec3e5d3e2beaa21755cadbbdc391694e28ccdd36ca4a1408f8c", size = 45806 },
]
